
Microsoft Visual Studio Solution File, Format Version 12.00
# Visual Studio Version 17
VisualStudioVersion = 17.0.32014.148
MinimumVisualStudioVersion = 10.0.40219.1
Project("{2150E333-8FDC-42A3-9474-1A3956D46DE8}") = "src", "src", "{68887AB6-40EA-4A94-A211-774CA12E5C42}"
EndProject
Project("{2150E333-8FDC-42A3-9474-1A3956D46DE8}") = "Core", "Core", "{3EFAEAD3-A5FC-484E-B8EE-0C13AA6130F8}"
EndProject
Project("{2150E333-8FDC-42A3-9474-1A3956D46DE8}") = "Infrastructure", "Infrastructure", "{F93E961A-04A5-48BC-8688-85341BA42E36}"
EndProject
Project("{9A19103F-16F7-4668-BE54-9A1E7A4F7556}") = "CleanTemplate.Application", "src\Core\Application\CleanTemplate.Application.csproj", "{92262D71-E9EC-4C42-B7E7-6B3AB4D03A49}"
EndProject
Project("{9A19103F-16F7-4668-BE54-9A1E7A4F7556}") = "CleanTemplate.Domain", "src\Core\Domain\CleanTemplate.Domain.csproj", "{6C2FB35F-7A23-4728-AE8B-6657B3BC406B}"
EndProject
Project("{9A19103F-16F7-4668-BE54-9A1E7A4F7556}") = "CleanTemplate.Common", "src\Common\CleanTemplate.Common.csproj", "{8164FAFB-E319-49A3-940C-5D9B029192CA}"
EndProject
Project("{9A19103F-16F7-4668-BE54-9A1E7A4F7556}") = "CleanTemplate.Persistance", "src\Infrastructure\Persistance\CleanTemplate.Persistance.csproj", "{D1768A1F-A59B-4906-804B-7A39F576FEA5}"
EndProject
Project("{2150E333-8FDC-42A3-9474-1A3956D46DE8}") = "Web", "Web", "{238972C8-A659-488D-9E17-8A1B3E820ECB}"
EndProject
Project("{9A19103F-16F7-4668-BE54-9A1E7A4F7556}") = "CleanTemplate.ApiFramework", "src\Web\ApiFramework\CleanTemplate.ApiFramework.csproj", "{4323D8A3-82BB-4C33-8687-AF2E5ADFA191}"
EndProject
Project("{9A19103F-16F7-4668-BE54-9A1E7A4F7556}") = "CleanTemplate.Api", "src\Web\Api\CleanTemplate.Api.csproj", "{91374971-8444-4CF7-A21F-5BF08111848E}"
EndProject
Project("{2150E333-8FDC-42A3-9474-1A3956D46DE8}") = "test", "test", "{7C72E0CA-895D-4676-BEBA-2ADB297F1164}"
EndProject
Project("{9A19103F-16F7-4668-BE54-9A1E7A4F7556}") = "CleanTemplate.Api.Test", "test\Api.Test\CleanTemplate.Api.Test.csproj", "{7B57CD7B-9BE2-48D9-972A-DD52EF08F1D7}"
EndProject
Project("{FAE04EC0-301F-11D3-BF4B-00C04F79EFBC}") = "CleanTemplate.CommandHandler.Test", "test\CleanTemplate.CommandHandler.Test\CleanTemplate.CommandHandler.Test.csproj", "{917A5A94-07E5-4045-964C-F7DF48B22FF2}"
EndProject
Global
	GlobalSection(SolutionConfigurationPlatforms) = preSolution
		Debug|Any CPU = Debug|Any CPU
		Release|Any CPU = Release|Any CPU
	EndGlobalSection
	GlobalSection(ProjectConfigurationPlatforms) = postSolution
		{92262D71-E9EC-4C42-B7E7-6B3AB4D03A49}.Debug|Any CPU.ActiveCfg = Debug|Any CPU
		{92262D71-E9EC-4C42-B7E7-6B3AB4D03A49}.Debug|Any CPU.Build.0 = Debug|Any CPU
		{92262D71-E9EC-4C42-B7E7-6B3AB4D03A49}.Release|Any CPU.ActiveCfg = Release|Any CPU
		{92262D71-E9EC-4C42-B7E7-6B3AB4D03A49}.Release|Any CPU.Build.0 = Release|Any CPU
		{6C2FB35F-7A23-4728-AE8B-6657B3BC406B}.Debug|Any CPU.ActiveCfg = Debug|Any CPU
		{6C2FB35F-7A23-4728-AE8B-6657B3BC406B}.Debug|Any CPU.Build.0 = Debug|Any CPU
		{6C2FB35F-7A23-4728-AE8B-6657B3BC406B}.Release|Any CPU.ActiveCfg = Release|Any CPU
		{6C2FB35F-7A23-4728-AE8B-6657B3BC406B}.Release|Any CPU.Build.0 = Release|Any CPU
		{8164FAFB-E319-49A3-940C-5D9B029192CA}.Debug|Any CPU.ActiveCfg = Debug|Any CPU
		{8164FAFB-E319-49A3-940C-5D9B029192CA}.Debug|Any CPU.Build.0 = Debug|Any CPU
		{8164FAFB-E319-49A3-940C-5D9B029192CA}.Release|Any CPU.ActiveCfg = Release|Any CPU
		{8164FAFB-E319-49A3-940C-5D9B029192CA}.Release|Any CPU.Build.0 = Release|Any CPU
		{D1768A1F-A59B-4906-804B-7A39F576FEA5}.Debug|Any CPU.ActiveCfg = Debug|Any CPU
		{D1768A1F-A59B-4906-804B-7A39F576FEA5}.Debug|Any CPU.Build.0 = Debug|Any CPU
		{D1768A1F-A59B-4906-804B-7A39F576FEA5}.Release|Any CPU.ActiveCfg = Release|Any CPU
		{D1768A1F-A59B-4906-804B-7A39F576FEA5}.Release|Any CPU.Build.0 = Release|Any CPU
		{4323D8A3-82BB-4C33-8687-AF2E5ADFA191}.Debug|Any CPU.ActiveCfg = Debug|Any CPU
		{4323D8A3-82BB-4C33-8687-AF2E5ADFA191}.Debug|Any CPU.Build.0 = Debug|Any CPU
		{4323D8A3-82BB-4C33-8687-AF2E5ADFA191}.Release|Any CPU.ActiveCfg = Release|Any CPU
		{4323D8A3-82BB-4C33-8687-AF2E5ADFA191}.Release|Any CPU.Build.0 = Release|Any CPU
		{91374971-8444-4CF7-A21F-5BF08111848E}.Debug|Any CPU.ActiveCfg = Debug|Any CPU
		{91374971-8444-4CF7-A21F-5BF08111848E}.Debug|Any CPU.Build.0 = Debug|Any CPU
		{91374971-8444-4CF7-A21F-5BF08111848E}.Release|Any CPU.ActiveCfg = Release|Any CPU
		{91374971-8444-4CF7-A21F-5BF08111848E}.Release|Any CPU.Build.0 = Release|Any CPU
		{7B57CD7B-9BE2-48D9-972A-DD52EF08F1D7}.Debug|Any CPU.ActiveCfg = Debug|Any CPU
		{7B57CD7B-9BE2-48D9-972A-DD52EF08F1D7}.Debug|Any CPU.Build.0 = Debug|Any CPU
		{7B57CD7B-9BE2-48D9-972A-DD52EF08F1D7}.Release|Any CPU.ActiveCfg = Release|Any CPU
		{7B57CD7B-9BE2-48D9-972A-DD52EF08F1D7}.Release|Any CPU.Build.0 = Release|Any CPU
		{917A5A94-07E5-4045-964C-F7DF48B22FF2}.Debug|Any CPU.ActiveCfg = Debug|Any CPU
		{917A5A94-07E5-4045-964C-F7DF48B22FF2}.Debug|Any CPU.Build.0 = Debug|Any CPU
		{917A5A94-07E5-4045-964C-F7DF48B22FF2}.Release|Any CPU.ActiveCfg = Release|Any CPU
		{917A5A94-07E5-4045-964C-F7DF48B22FF2}.Release|Any CPU.Build.0 = Release|Any CPU
	EndGlobalSection
	GlobalSection(SolutionProperties) = preSolution
		HideSolutionNode = FALSE
	EndGlobalSection
	GlobalSection(NestedProjects) = preSolution
		{3EFAEAD3-A5FC-484E-B8EE-0C13AA6130F8} = {68887AB6-40EA-4A94-A211-774CA12E5C42}
		{F93E961A-04A5-48BC-8688-85341BA42E36} = {68887AB6-40EA-4A94-A211-774CA12E5C42}
		{92262D71-E9EC-4C42-B7E7-6B3AB4D03A49} = {3EFAEAD3-A5FC-484E-B8EE-0C13AA6130F8}
		{6C2FB35F-7A23-4728-AE8B-6657B3BC406B} = {3EFAEAD3-A5FC-484E-B8EE-0C13AA6130F8}
		{8164FAFB-E319-49A3-940C-5D9B029192CA} = {68887AB6-40EA-4A94-A211-774CA12E5C42}
		{D1768A1F-A59B-4906-804B-7A39F576FEA5} = {F93E961A-04A5-48BC-8688-85341BA42E36}
		{238972C8-A659-488D-9E17-8A1B3E820ECB} = {68887AB6-40EA-4A94-A211-774CA12E5C42}
		{4323D8A3-82BB-4C33-8687-AF2E5ADFA191} = {238972C8-A659-488D-9E17-8A1B3E820ECB}
		{91374971-8444-4CF7-A21F-5BF08111848E} = {238972C8-A659-488D-9E17-8A1B3E820ECB}
		{7B57CD7B-9BE2-48D9-972A-DD52EF08F1D7} = {7C72E0CA-895D-4676-BEBA-2ADB297F1164}
		{917A5A94-07E5-4045-964C-F7DF48B22FF2} = {7C72E0CA-895D-4676-BEBA-2ADB297F1164}
	EndGlobalSection
	GlobalSection(ExtensibilityGlobals) = postSolution
		SolutionGuid = {D550EB2A-3876-4261-981F-44C6D936D367}
	EndGlobalSection
EndGlobal
